// !$*UTF8*$!
{
	archiveVersion = 1;
	classes = {
	};
	objectVersion = 46;
	objects = {

/* Begin PBXAggregateTarget section */
		728CA59917D91276009854D7 /* Docs */ = {
			isa = PBXAggregateTarget;
			buildConfigurationList = 728CA59C17D91276009854D7 /* Build configuration list for PBXAggregateTarget "Docs" */;
			buildPhases = (
				728CA59D17D91281009854D7 /* ShellScript */,
			);
			dependencies = (
			);
			name = Docs;
			productName = Docs;
		};
/* End PBXAggregateTarget section */

/* Begin PBXBuildFile section */
		72754A4F17D8FB6D001A329A /* UIKit.framework in Frameworks */ = {isa = PBXBuildFile; fileRef = 72754A4E17D8FB6D001A329A /* UIKit.framework */; };
		72754A5117D8FB6D001A329A /* Foundation.framework in Frameworks */ = {isa = PBXBuildFile; fileRef = 72754A5017D8FB6D001A329A /* Foundation.framework */; };
		72754A5317D8FB6D001A329A /* CoreGraphics.framework in Frameworks */ = {isa = PBXBuildFile; fileRef = 72754A5217D8FB6D001A329A /* CoreGraphics.framework */; };
		72754A5917D8FB6D001A329A /* InfoPlist.strings in Resources */ = {isa = PBXBuildFile; fileRef = 72754A5717D8FB6D001A329A /* InfoPlist.strings */; };
		72754A5B17D8FB6D001A329A /* main.m in Sources */ = {isa = PBXBuildFile; fileRef = 72754A5A17D8FB6D001A329A /* main.m */; };
		72754A5F17D8FB6D001A329A /* AppDelegate.m in Sources */ = {isa = PBXBuildFile; fileRef = 72754A5E17D8FB6D001A329A /* AppDelegate.m */; };
		72754A6117D8FB6D001A329A /* Default.png in Resources */ = {isa = PBXBuildFile; fileRef = 72754A6017D8FB6D001A329A /* Default.png */; };
		72754A6317D8FB6D001A329A /* Default@2x.png in Resources */ = {isa = PBXBuildFile; fileRef = 72754A6217D8FB6D001A329A /* Default@2x.png */; };
		72754A6517D8FB6D001A329A /* Default-568h@2x.png in Resources */ = {isa = PBXBuildFile; fileRef = 72754A6417D8FB6D001A329A /* Default-568h@2x.png */; };
		72754A6D17D8FB6E001A329A /* SenTestingKit.framework in Frameworks */ = {isa = PBXBuildFile; fileRef = 72754A6C17D8FB6E001A329A /* SenTestingKit.framework */; };
		72754A6E17D8FB6E001A329A /* UIKit.framework in Frameworks */ = {isa = PBXBuildFile; fileRef = 72754A4E17D8FB6D001A329A /* UIKit.framework */; };
		72754A6F17D8FB6E001A329A /* Foundation.framework in Frameworks */ = {isa = PBXBuildFile; fileRef = 72754A5017D8FB6D001A329A /* Foundation.framework */; };
		72754A7717D8FB6E001A329A /* InfoPlist.strings in Resources */ = {isa = PBXBuildFile; fileRef = 72754A7517D8FB6E001A329A /* InfoPlist.strings */; };
		72754A7A17D8FB6E001A329A /* IDMAlertViewManagerTests.m in Sources */ = {isa = PBXBuildFile; fileRef = 72754A7917D8FB6E001A329A /* IDMAlertViewManagerTests.m */; };
		72754A8617D8FB8E001A329A /* IDMAlertViewManager.m in Sources */ = {isa = PBXBuildFile; fileRef = 72754A8517D8FB8E001A329A /* IDMAlertViewManager.m */; };
/* End PBXBuildFile section */

/* Begin PBXContainerItemProxy section */
		72754A7017D8FB6E001A329A /* PBXContainerItemProxy */ = {
			isa = PBXContainerItemProxy;
			containerPortal = 72754A4317D8FB6D001A329A /* Project object */;
			proxyType = 1;
			remoteGlobalIDString = 72754A4A17D8FB6D001A329A;
			remoteInfo = IDMAlertViewManager;
		};
/* End PBXContainerItemProxy section */

/* Begin PBXFileReference section */
		72754A4B17D8FB6D001A329A /* IDMAlertViewManager.app */ = {isa = PBXFileReference; explicitFileType = wrapper.application; includeInIndex = 0; path = IDMAlertViewManager.app; sourceTree = BUILT_PRODUCTS_DIR; };
		72754A4E17D8FB6D001A329A /* UIKit.framework */ = {isa = PBXFileReference; lastKnownFileType = wrapper.framework; name = UIKit.framework; path = System/Library/Frameworks/UIKit.framework; sourceTree = SDKROOT; };
		72754A5017D8FB6D001A329A /* Foundation.framework */ = {isa = PBXFileReference; lastKnownFileType = wrapper.framework; name = Foundation.framework; path = System/Library/Frameworks/Foundation.framework; sourceTree = SDKROOT; };
		72754A5217D8FB6D001A329A /* CoreGraphics.framework */ = {isa = PBXFileReference; lastKnownFileType = wrapper.framework; name = CoreGraphics.framework; path = System/Library/Frameworks/CoreGraphics.framework; sourceTree = SDKROOT; };
		72754A5617D8FB6D001A329A /* IDMAlertViewManager-Info.plist */ = {isa = PBXFileReference; lastKnownFileType = text.plist.xml; path = "IDMAlertViewManager-Info.plist"; sourceTree = "<group>"; };
		72754A5817D8FB6D001A329A /* en */ = {isa = PBXFileReference; lastKnownFileType = text.plist.strings; name = en; path = en.lproj/InfoPlist.strings; sourceTree = "<group>"; };
		72754A5A17D8FB6D001A329A /* main.m */ = {isa = PBXFileReference; lastKnownFileType = sourcecode.c.objc; path = main.m; sourceTree = "<group>"; };
		72754A5C17D8FB6D001A329A /* IDMAlertViewManager-Prefix.pch */ = {isa = PBXFileReference; lastKnownFileType = sourcecode.c.h; path = "IDMAlertViewManager-Prefix.pch"; sourceTree = "<group>"; };
		72754A5D17D8FB6D001A329A /* AppDelegate.h */ = {isa = PBXFileReference; lastKnownFileType = sourcecode.c.h; path = AppDelegate.h; sourceTree = "<group>"; };
		72754A5E17D8FB6D001A329A /* AppDelegate.m */ = {isa = PBXFileReference; lastKnownFileType = sourcecode.c.objc; path = AppDelegate.m; sourceTree = "<group>"; };
		72754A6017D8FB6D001A329A /* Default.png */ = {isa = PBXFileReference; lastKnownFileType = image.png; path = Default.png; sourceTree = "<group>"; };
		72754A6217D8FB6D001A329A /* Default@2x.png */ = {isa = PBXFileReference; lastKnownFileType = image.png; path = "Default@2x.png"; sourceTree = "<group>"; };
		72754A6417D8FB6D001A329A /* Default-568h@2x.png */ = {isa = PBXFileReference; lastKnownFileType = image.png; path = "Default-568h@2x.png"; sourceTree = "<group>"; };
		72754A6B17D8FB6E001A329A /* IDMAlertViewManagerTests.octest */ = {isa = PBXFileReference; explicitFileType = wrapper.cfbundle; includeInIndex = 0; path = IDMAlertViewManagerTests.octest; sourceTree = BUILT_PRODUCTS_DIR; };
		72754A6C17D8FB6E001A329A /* SenTestingKit.framework */ = {isa = PBXFileReference; lastKnownFileType = wrapper.framework; name = SenTestingKit.framework; path = Library/Frameworks/SenTestingKit.framework; sourceTree = DEVELOPER_DIR; };
		72754A7417D8FB6E001A329A /* IDMAlertViewManagerTests-Info.plist */ = {isa = PBXFileReference; lastKnownFileType = text.plist.xml; path = "IDMAlertViewManagerTests-Info.plist"; sourceTree = "<group>"; };
		72754A7617D8FB6E001A329A /* en */ = {isa = PBXFileReference; lastKnownFileType = text.plist.strings; name = en; path = en.lproj/InfoPlist.strings; sourceTree = "<group>"; };
		72754A7817D8FB6E001A329A /* IDMAlertViewManagerTests.h */ = {isa = PBXFileReference; lastKnownFileType = sourcecode.c.h; path = IDMAlertViewManagerTests.h; sourceTree = "<group>"; };
		72754A7917D8FB6E001A329A /* IDMAlertViewManagerTests.m */ = {isa = PBXFileReference; lastKnownFileType = sourcecode.c.objc; path = IDMAlertViewManagerTests.m; sourceTree = "<group>"; };
		72754A8417D8FB8E001A329A /* IDMAlertViewManager.h */ = {isa = PBXFileReference; fileEncoding = 4; lastKnownFileType = sourcecode.c.h; name = IDMAlertViewManager.h; path = Classes/IDMAlertViewManager.h; sourceTree = "<group>"; };
		72754A8517D8FB8E001A329A /* IDMAlertViewManager.m */ = {isa = PBXFileReference; fileEncoding = 4; lastKnownFileType = sourcecode.c.objc; name = IDMAlertViewManager.m; path = Classes/IDMAlertViewManager.m; sourceTree = "<group>"; };
/* End PBXFileReference section */

/* Begin PBXFrameworksBuildPhase section */
		72754A4817D8FB6D001A329A /* Frameworks */ = {
			isa = PBXFrameworksBuildPhase;
			buildActionMask = 2147483647;
			files = (
				72754A4F17D8FB6D001A329A /* UIKit.framework in Frameworks */,
				72754A5117D8FB6D001A329A /* Foundation.framework in Frameworks */,
				72754A5317D8FB6D001A329A /* CoreGraphics.framework in Frameworks */,
			);
			runOnlyForDeploymentPostprocessing = 0;
		};
		72754A6717D8FB6E001A329A /* Frameworks */ = {
			isa = PBXFrameworksBuildPhase;
			buildActionMask = 2147483647;
			files = (
				72754A6D17D8FB6E001A329A /* SenTestingKit.framework in Frameworks */,
				72754A6E17D8FB6E001A329A /* UIKit.framework in Frameworks */,
				72754A6F17D8FB6E001A329A /* Foundation.framework in Frameworks */,
			);
			runOnlyForDeploymentPostprocessing = 0;
		};
/* End PBXFrameworksBuildPhase section */

/* Begin PBXGroup section */
		72754A4217D8FB6D001A329A = {
			isa = PBXGroup;
			children = (
				72754A8317D8FB7A001A329A /* Classes */,
				72754A5417D8FB6D001A329A /* IDMAlertViewManager */,
				72754A7217D8FB6E001A329A /* IDMAlertViewManagerTests */,
				72754A4D17D8FB6D001A329A /* Frameworks */,
				72754A4C17D8FB6D001A329A /* Products */,
			);
			sourceTree = "<group>";
		};
		72754A4C17D8FB6D001A329A /* Products */ = {
			isa = PBXGroup;
			children = (
				72754A4B17D8FB6D001A329A /* IDMAlertViewManager.app */,
				72754A6B17D8FB6E001A329A /* IDMAlertViewManagerTests.octest */,
			);
			name = Products;
			sourceTree = "<group>";
		};
		72754A4D17D8FB6D001A329A /* Frameworks */ = {
			isa = PBXGroup;
			children = (
				72754A4E17D8FB6D001A329A /* UIKit.framework */,
				72754A5017D8FB6D001A329A /* Foundation.framework */,
				72754A5217D8FB6D001A329A /* CoreGraphics.framework */,
				72754A6C17D8FB6E001A329A /* SenTestingKit.framework */,
			);
			name = Frameworks;
			sourceTree = "<group>";
		};
		72754A5417D8FB6D001A329A /* IDMAlertViewManager */ = {
			isa = PBXGroup;
			children = (
				72754A5D17D8FB6D001A329A /* AppDelegate.h */,
				72754A5E17D8FB6D001A329A /* AppDelegate.m */,
				72754A5517D8FB6D001A329A /* Supporting Files */,
			);
			path = IDMAlertViewManager;
			sourceTree = "<group>";
		};
		72754A5517D8FB6D001A329A /* Supporting Files */ = {
			isa = PBXGroup;
			children = (
				72754A5617D8FB6D001A329A /* IDMAlertViewManager-Info.plist */,
				72754A5717D8FB6D001A329A /* InfoPlist.strings */,
				72754A5A17D8FB6D001A329A /* main.m */,
				72754A5C17D8FB6D001A329A /* IDMAlertViewManager-Prefix.pch */,
				72754A6017D8FB6D001A329A /* Default.png */,
				72754A6217D8FB6D001A329A /* Default@2x.png */,
				72754A6417D8FB6D001A329A /* Default-568h@2x.png */,
			);
			name = "Supporting Files";
			sourceTree = "<group>";
		};
		72754A7217D8FB6E001A329A /* IDMAlertViewManagerTests */ = {
			isa = PBXGroup;
			children = (
				72754A7817D8FB6E001A329A /* IDMAlertViewManagerTests.h */,
				72754A7917D8FB6E001A329A /* IDMAlertViewManagerTests.m */,
				72754A7317D8FB6E001A329A /* Supporting Files */,
			);
			path = IDMAlertViewManagerTests;
			sourceTree = "<group>";
		};
		72754A7317D8FB6E001A329A /* Supporting Files */ = {
			isa = PBXGroup;
			children = (
				72754A7417D8FB6E001A329A /* IDMAlertViewManagerTests-Info.plist */,
				72754A7517D8FB6E001A329A /* InfoPlist.strings */,
			);
			name = "Supporting Files";
			sourceTree = "<group>";
		};
		72754A8317D8FB7A001A329A /* Classes */ = {
			isa = PBXGroup;
			children = (
				72754A8417D8FB8E001A329A /* IDMAlertViewManager.h */,
				72754A8517D8FB8E001A329A /* IDMAlertViewManager.m */,
			);
			name = Classes;
			sourceTree = "<group>";
		};
/* End PBXGroup section */

/* Begin PBXNativeTarget section */
		72754A4A17D8FB6D001A329A /* IDMAlertViewManager */ = {
			isa = PBXNativeTarget;
			buildConfigurationList = 72754A7D17D8FB6E001A329A /* Build configuration list for PBXNativeTarget "IDMAlertViewManager" */;
			buildPhases = (
				72754A4717D8FB6D001A329A /* Sources */,
				72754A4817D8FB6D001A329A /* Frameworks */,
				72754A4917D8FB6D001A329A /* Resources */,
			);
			buildRules = (
			);
			dependencies = (
			);
			name = IDMAlertViewManager;
			productName = IDMAlertViewManager;
			productReference = 72754A4B17D8FB6D001A329A /* IDMAlertViewManager.app */;
			productType = "com.apple.product-type.application";
		};
		72754A6A17D8FB6E001A329A /* IDMAlertViewManagerTests */ = {
			isa = PBXNativeTarget;
			buildConfigurationList = 72754A8017D8FB6E001A329A /* Build configuration list for PBXNativeTarget "IDMAlertViewManagerTests" */;
			buildPhases = (
				72754A6617D8FB6E001A329A /* Sources */,
				72754A6717D8FB6E001A329A /* Frameworks */,
				72754A6817D8FB6E001A329A /* Resources */,
				72754A6917D8FB6E001A329A /* ShellScript */,
			);
			buildRules = (
			);
			dependencies = (
				72754A7117D8FB6E001A329A /* PBXTargetDependency */,
			);
			name = IDMAlertViewManagerTests;
			productName = IDMAlertViewManagerTests;
			productReference = 72754A6B17D8FB6E001A329A /* IDMAlertViewManagerTests.octest */;
			productType = "com.apple.product-type.bundle";
		};
/* End PBXNativeTarget section */

/* Begin PBXProject section */
		72754A4317D8FB6D001A329A /* Project object */ = {
			isa = PBXProject;
			attributes = {
				LastUpgradeCheck = 0460;
				ORGANIZATIONNAME = Ideais;
			};
			buildConfigurationList = 72754A4617D8FB6D001A329A /* Build configuration list for PBXProject "IDMAlertViewManager" */;
			compatibilityVersion = "Xcode 3.2";
			developmentRegion = English;
			hasScannedForEncodings = 0;
			knownRegions = (
				en,
			);
			mainGroup = 72754A4217D8FB6D001A329A;
			productRefGroup = 72754A4C17D8FB6D001A329A /* Products */;
			projectDirPath = "";
			projectRoot = "";
			targets = (
				72754A4A17D8FB6D001A329A /* IDMAlertViewManager */,
				72754A6A17D8FB6E001A329A /* IDMAlertViewManagerTests */,
				728CA59917D91276009854D7 /* Docs */,
			);
		};
/* End PBXProject section */

/* Begin PBXResourcesBuildPhase section */
		72754A4917D8FB6D001A329A /* Resources */ = {
			isa = PBXResourcesBuildPhase;
			buildActionMask = 2147483647;
			files = (
				72754A5917D8FB6D001A329A /* InfoPlist.strings in Resources */,
				72754A6117D8FB6D001A329A /* Default.png in Resources */,
				72754A6317D8FB6D001A329A /* Default@2x.png in Resources */,
				72754A6517D8FB6D001A329A /* Default-568h@2x.png in Resources */,
			);
			runOnlyForDeploymentPostprocessing = 0;
		};
		72754A6817D8FB6E001A329A /* Resources */ = {
			isa = PBXResourcesBuildPhase;
			buildActionMask = 2147483647;
			files = (
				72754A7717D8FB6E001A329A /* InfoPlist.strings in Resources */,
			);
			runOnlyForDeploymentPostprocessing = 0;
		};
/* End PBXResourcesBuildPhase section */

/* Begin PBXShellScriptBuildPhase section */
		72754A6917D8FB6E001A329A /* ShellScript */ = {
			isa = PBXShellScriptBuildPhase;
			buildActionMask = 2147483647;
			files = (
			);
			inputPaths = (
			);
			outputPaths = (
			);
			runOnlyForDeploymentPostprocessing = 0;
			shellPath = /bin/sh;
			shellScript = "# Run the unit tests in this test bundle.\n\"${SYSTEM_DEVELOPER_DIR}/Tools/RunUnitTests\"\n";
		};
		728CA59D17D91281009854D7 /* ShellScript */ = {
			isa = PBXShellScriptBuildPhase;
			buildActionMask = 2147483647;
			files = (
			);
			inputPaths = (
			);
			outputPaths = (
			);
			runOnlyForDeploymentPostprocessing = 0;
			shellPath = /bin/sh;
			shellScript = "/usr/local/bin/appledoc \\\n--project-name \"IDMAlertViewManager\" \\\n--project-company \"Ideais Mobile\" \\\n--company-id \"br.com.ideais\" \\\n--docset-desc \"References to the API and concept documentation for IDMAlertViewManager classes.\" \\\n--output ~/help \\\n--ignore .m \\\n--logformat xcode \\\n--exit-threshold 2 \\\n.";
		};
/* End PBXShellScriptBuildPhase section */

/* Begin PBXSourcesBuildPhase section */
		72754A4717D8FB6D001A329A /* Sources */ = {
			isa = PBXSourcesBuildPhase;
			buildActionMask = 2147483647;
			files = (
				72754A5B17D8FB6D001A329A /* main.m in Sources */,
				72754A5F17D8FB6D001A329A /* AppDelegate.m in Sources */,
				72754A8617D8FB8E001A329A /* IDMAlertViewManager.m in Sources */,
			);
			runOnlyForDeploymentPostprocessing = 0;
		};
		72754A6617D8FB6E001A329A /* Sources */ = {
			isa = PBXSourcesBuildPhase;
			buildActionMask = 2147483647;
			files = (
				72754A7A17D8FB6E001A329A /* IDMAlertViewManagerTests.m in Sources */,
			);
			runOnlyForDeploymentPostprocessing = 0;
		};
/* End PBXSourcesBuildPhase section */

/* Begin PBXTargetDependency section */
		72754A7117D8FB6E001A329A /* PBXTargetDependency */ = {
			isa = PBXTargetDependency;
			target = 72754A4A17D8FB6D001A329A /* IDMAlertViewManager */;
			targetProxy = 72754A7017D8FB6E001A329A /* PBXContainerItemProxy */;
		};
/* End PBXTargetDependency section */

/* Begin PBXVariantGroup section */
		72754A5717D8FB6D001A329A /* InfoPlist.strings */ = {
			isa = PBXVariantGroup;
			children = (
				72754A5817D8FB6D001A329A /* en */,
			);
			name = InfoPlist.strings;
			sourceTree = "<group>";
		};
		72754A7517D8FB6E001A329A /* InfoPlist.strings */ = {
			isa = PBXVariantGroup;
			children = (
				72754A7617D8FB6E001A329A /* en */,
			);
			name = InfoPlist.strings;
			sourceTree = "<group>";
		};
/* End PBXVariantGroup section */

/* Begin XCBuildConfiguration section */
		72754A7B17D8FB6E001A329A /* Debug */ = {
			isa = XCBuildConfiguration;
			buildSettings = {
				ALWAYS_SEARCH_USER_PATHS = NO;
				CLANG_CXX_LANGUAGE_STANDARD = "gnu++0x";
				CLANG_CXX_LIBRARY = "libc++";
				CLANG_ENABLE_OBJC_ARC = YES;
				CLANG_WARN_CONSTANT_CONVERSION = YES;
				CLANG_WARN_EMPTY_BODY = YES;
				CLANG_WARN_ENUM_CONVERSION = YES;
				CLANG_WARN_INT_CONVERSION = YES;
				CLANG_WARN__DUPLICATE_METHOD_MATCH = YES;
				"CODE_SIGN_IDENTITY[sdk=iphoneos*]" = "iPhone Developer";
				COPY_PHASE_STRIP = NO;
				GCC_C_LANGUAGE_STANDARD = gnu99;
				GCC_DYNAMIC_NO_PIC = NO;
				GCC_OPTIMIZATION_LEVEL = 0;
				GCC_PREPROCESSOR_DEFINITIONS = (
					"DEBUG=1",
					"$(inherited)",
				);
				GCC_SYMBOLS_PRIVATE_EXTERN = NO;
				GCC_WARN_ABOUT_RETURN_TYPE = YES;
				GCC_WARN_UNINITIALIZED_AUTOS = YES;
				GCC_WARN_UNUSED_VARIABLE = YES;
				IPHONEOS_DEPLOYMENT_TARGET = 6.1;
				ONLY_ACTIVE_ARCH = YES;
				SDKROOT = iphoneos;
				TARGETED_DEVICE_FAMILY = "1,2";
			};
			name = Debug;
		};
		72754A7C17D8FB6E001A329A /* Release */ = {
			isa = XCBuildConfiguration;
			buildSettings = {
				ALWAYS_SEARCH_USER_PATHS = NO;
				CLANG_CXX_LANGUAGE_STANDARD = "gnu++0x";
				CLANG_CXX_LIBRARY = "libc++";
				CLANG_ENABLE_OBJC_ARC = YES;
				CLANG_WARN_CONSTANT_CONVERSION = YES;
				CLANG_WARN_EMPTY_BODY = YES;
				CLANG_WARN_ENUM_CONVERSION = YES;
				CLANG_WARN_INT_CONVERSION = YES;
				CLANG_WARN__DUPLICATE_METHOD_MATCH = YES;
				"CODE_SIGN_IDENTITY[sdk=iphoneos*]" = "iPhone Developer";
				COPY_PHASE_STRIP = YES;
				GCC_C_LANGUAGE_STANDARD = gnu99;
				GCC_WARN_ABOUT_RETURN_TYPE = YES;
				GCC_WARN_UNINITIALIZED_AUTOS = YES;
				GCC_WARN_UNUSED_VARIABLE = YES;
				IPHONEOS_DEPLOYMENT_TARGET = 6.1;
				OTHER_CFLAGS = "-DNS_BLOCK_ASSERTIONS=1";
				SDKROOT = iphoneos;
				TARGETED_DEVICE_FAMILY = "1,2";
				VALIDATE_PRODUCT = YES;
			};
			name = Release;
		};
		72754A7E17D8FB6E001A329A /* Debug */ = {
			isa = XCBuildConfiguration;
			buildSettings = {
				GCC_PRECOMPILE_PREFIX_HEADER = YES;
				GCC_PREFIX_HEADER = "IDMAlertViewManager/IDMAlertViewManager-Prefix.pch";
				INFOPLIST_FILE = "IDMAlertViewManager/IDMAlertViewManager-Info.plist";
				PRODUCT_NAME = "$(TARGET_NAME)";
				WRAPPER_EXTENSION = app;
			};
			name = Debug;
		};
		72754A7F17D8FB6E001A329A /* Release */ = {
			isa = XCBuildConfiguration;
			buildSettings = {
				GCC_PRECOMPILE_PREFIX_HEADER = YES;
				GCC_PREFIX_HEADER = "IDMAlertViewManager/IDMAlertViewManager-Prefix.pch";
				INFOPLIST_FILE = "IDMAlertViewManager/IDMAlertViewManager-Info.plist";
				PRODUCT_NAME = "$(TARGET_NAME)";
				WRAPPER_EXTENSION = app;
			};
			name = Release;
		};
		72754A8117D8FB6E001A329A /* Debug */ = {
			isa = XCBuildConfiguration;
			buildSettings = {
				BUNDLE_LOADER = "$(BUILT_PRODUCTS_DIR)/IDMAlertViewManager.app/IDMAlertViewManager";
				FRAMEWORK_SEARCH_PATHS = (
					"\"$(SDKROOT)/Developer/Library/Frameworks\"",
					"\"$(DEVELOPER_LIBRARY_DIR)/Frameworks\"",
				);
				GCC_PRECOMPILE_PREFIX_HEADER = YES;
				GCC_PREFIX_HEADER = "IDMAlertViewManager/IDMAlertViewManager-Prefix.pch";
				INFOPLIST_FILE = "IDMAlertViewManagerTests/IDMAlertViewManagerTests-Info.plist";
				PRODUCT_NAME = "$(TARGET_NAME)";
				TEST_HOST = "$(BUNDLE_LOADER)";
				WRAPPER_EXTENSION = octest;
			};
			name = Debug;
		};
		72754A8217D8FB6E001A329A /* Release */ = {
			isa = XCBuildConfiguration;
			buildSettings = {
				BUNDLE_LOADER = "$(BUILT_PRODUCTS_DIR)/IDMAlertViewManager.app/IDMAlertViewManager";
				FRAMEWORK_SEARCH_PATHS = (
					"\"$(SDKROOT)/Developer/Library/Frameworks\"",
					"\"$(DEVELOPER_LIBRARY_DIR)/Frameworks\"",
				);
				GCC_PRECOMPILE_PREFIX_HEADER = YES;
				GCC_PREFIX_HEADER = "IDMAlertViewManager/IDMAlertViewManager-Prefix.pch";
				INFOPLIST_FILE = "IDMAlertViewManagerTests/IDMAlertViewManagerTests-Info.plist";
				PRODUCT_NAME = "$(TARGET_NAME)";
				TEST_HOST = "$(BUNDLE_LOADER)";
				WRAPPER_EXTENSION = octest;
			};
			name = Release;
		};
		728CA59A17D91276009854D7 /* Debug */ = {
			isa = XCBuildConfiguration;
			buildSettings = {
				PRODUCT_NAME = "$(TARGET_NAME)";
			};
			name = Debug;
		};
		728CA59B17D91276009854D7 /* Release */ = {
			isa = XCBuildConfiguration;
			buildSettings = {
				PRODUCT_NAME = "$(TARGET_NAME)";
			};
			name = Release;
		};
/* End XCBuildConfiguration section */

/* Begin XCConfigurationList section */
		72754A4617D8FB6D001A329A /* Build configuration list for PBXProject "IDMAlertViewManager" */ = {
			isa = XCConfigurationList;
			buildConfigurations = (
				72754A7B17D8FB6E001A329A /* Debug */,
				72754A7C17D8FB6E001A329A /* Release */,
			);
			defaultConfigurationIsVisible = 0;
			defaultConfigurationName = Release;
		};
		72754A7D17D8FB6E001A329A /* Build configuration list for PBXNativeTarget "IDMAlertViewManager" */ = {
			isa = XCConfigurationList;
			buildConfigurations = (
				72754A7E17D8FB6E001A329A /* Debug */,
				72754A7F17D8FB6E001A329A /* Release */,
			);
			defaultConfigurationIsVisible = 0;
			defaultConfigurationName = Release;
		};
		72754A8017D8FB6E001A329A /* Build configuration list for PBXNativeTarget "IDMAlertViewManagerTests" */ = {
			isa = XCConfigurationList;
			buildConfigurations = (
				72754A8117D8FB6E001A329A /* Debug */,
				72754A8217D8FB6E001A329A /* Release */,
			);
			defaultConfigurationIsVisible = 0;
			defaultConfigurationName = Release;
		};
		728CA59C17D91276009854D7 /* Build configuration list for PBXAggregateTarget "Docs" */ = {
			isa = XCConfigurationList;
			buildConfigurations = (
				728CA59A17D91276009854D7 /* Debug */,
				728CA59B17D91276009854D7 /* Release */,
			);
			defaultConfigurationIsVisible = 0;
		};
/* End XCConfigurationList section */
	};
	rootObject = 72754A4317D8FB6D001A329A /* Project object */;
}
